
Microsoft Visual Studio Solution File, Format Version 12.00
# Visual Studio 15
VisualStudioVersion = 15.0.27428.2027
MinimumVisualStudioVersion = 10.0.40219.1
Project("{FAE04EC0-301F-11D3-BF4B-00C04F79EFBC}") = "u64launcher", "u64launcher\u64launcher.csproj", "{351313AA-5A35-4A28-BD51-94DBAC9BBC59}"
EndProject
Project("{2150E333-8FDC-42A3-9474-1A3956D46DE8}") = "Solution Items", "Solution Items", "{13C81A7F-5E80-468C-9D90-E9DA6F9EDF6A}"
	ProjectSection(SolutionItems) = preProject
		u64launcher\frm_main.cs = u64launcher\frm_main.cs
	EndProjectSection
EndProject
Global
	GlobalSection(SolutionConfigurationPlatforms) = preSolution
		Debug|Any CPU = Debug|Any CPU
		Release|Any CPU = Release|Any CPU
	EndGlobalSection
	GlobalSection(ProjectConfigurationPlatforms) = postSolution
		{351313AA-5A35-4A28-BD51-94DBAC9BBC59}.Debug|Any CPU.ActiveCfg = Debug|Any CPU
		{351313AA-5A35-4A28-BD51-94DBAC9BBC59}.Debug|Any CPU.Build.0 = Debug|Any CPU
		{351313AA-5A35-4A28-BD51-94DBAC9BBC59}.Release|Any CPU.ActiveCfg = Release|Any CPU
		{351313AA-5A35-4A28-BD51-94DBAC9BBC59}.Release|Any CPU.Build.0 = Release|Any CPU
	EndGlobalSection
	GlobalSection(SolutionProperties) = preSolution
		HideSolutionNode = FALSE
	EndGlobalSection
	GlobalSection(ExtensibilityGlobals) = postSolution
		SolutionGuid = {1658F600-ACED-4D0C-822E-E336156037EA}
	EndGlobalSection
EndGlobal
